// !$*UTF8*$!
{
	archiveVersion = 1;
	classes = {
	};
	objectVersion = 50;
	objects = {

/* Begin PBXBuildFile section */
		774A098722F026D200AF641F /* ConstraintMultiplierTarget.swift in Sources */ = {isa = PBXBuildFile; fileRef = 774A096322F026D200AF641F /* ConstraintMultiplierTarget.swift */; };
		774A098822F026D200AF641F /* LayoutConstraintItem.swift in Sources */ = {isa = PBXBuildFile; fileRef = 774A096422F026D200AF641F /* LayoutConstraintItem.swift */; };
		774A098922F026D200AF641F /* ConstraintDescription.swift in Sources */ = {isa = PBXBuildFile; fileRef = 774A096522F026D200AF641F /* ConstraintDescription.swift */; };
		774A098A22F026D200AF641F /* ConstraintMakerPriortizable.swift in Sources */ = {isa = PBXBuildFile; fileRef = 774A096622F026D200AF641F /* ConstraintMakerPriortizable.swift */; };
		774A098B22F026D200AF641F /* ConstraintAttributes.swift in Sources */ = {isa = PBXBuildFile; fileRef = 774A096722F026D200AF641F /* ConstraintAttributes.swift */; };
		774A098C22F026D200AF641F /* ConstraintViewDSL.swift in Sources */ = {isa = PBXBuildFile; fileRef = 774A096822F026D200AF641F /* ConstraintViewDSL.swift */; };
		774A098D22F026D200AF641F /* ConstraintPriorityTarget.swift in Sources */ = {isa = PBXBuildFile; fileRef = 774A096922F026D200AF641F /* ConstraintPriorityTarget.swift */; };
		774A098E22F026D200AF641F /* ConstraintInsets.swift in Sources */ = {isa = PBXBuildFile; fileRef = 774A096A22F026D200AF641F /* ConstraintInsets.swift */; };
		774A098F22F026D200AF641F /* ConstraintMakerFinalizable.swift in Sources */ = {isa = PBXBuildFile; fileRef = 774A096B22F026D200AF641F /* ConstraintMakerFinalizable.swift */; };
		774A099022F026D200AF641F /* ConstraintDSL.swift in Sources */ = {isa = PBXBuildFile; fileRef = 774A096C22F026D200AF641F /* ConstraintDSL.swift */; };
		774A099122F026D200AF641F /* ConstraintMakerExtendable.swift in Sources */ = {isa = PBXBuildFile; fileRef = 774A096D22F026D200AF641F /* ConstraintMakerExtendable.swift */; };
		774A099222F026D200AF641F /* ConstraintPriority.swift in Sources */ = {isa = PBXBuildFile; fileRef = 774A096E22F026D200AF641F /* ConstraintPriority.swift */; };
		774A099322F026D200AF641F /* ConstraintInsetTarget.swift in Sources */ = {isa = PBXBuildFile; fileRef = 774A096F22F026D200AF641F /* ConstraintInsetTarget.swift */; };
		774A099422F026D200AF641F /* ConstraintConfig.swift in Sources */ = {isa = PBXBuildFile; fileRef = 774A097122F026D200AF641F /* ConstraintConfig.swift */; };
		774A099522F026D200AF641F /* UILayoutSupport+Extensions.swift in Sources */ = {isa = PBXBuildFile; fileRef = 774A097222F026D200AF641F /* UILayoutSupport+Extensions.swift */; };
		774A099622F026D200AF641F /* ConstraintView.swift in Sources */ = {isa = PBXBuildFile; fileRef = 774A097322F026D200AF641F /* ConstraintView.swift */; };
		774A099722F026D200AF641F /* ConstraintLayoutGuide.swift in Sources */ = {isa = PBXBuildFile; fileRef = 774A097422F026D200AF641F /* ConstraintLayoutGuide.swift */; };
		774A099822F026D200AF641F /* ConstraintLayoutSupport.swift in Sources */ = {isa = PBXBuildFile; fileRef = 774A097522F026D200AF641F /* ConstraintLayoutSupport.swift */; };
		774A099922F026D200AF641F /* Typealiases.swift in Sources */ = {isa = PBXBuildFile; fileRef = 774A097622F026D200AF641F /* Typealiases.swift */; };
		774A099A22F026D200AF641F /* ConstraintConstantTarget.swift in Sources */ = {isa = PBXBuildFile; fileRef = 774A097722F026D200AF641F /* ConstraintConstantTarget.swift */; };
		774A099B22F026D200AF641F /* ConstraintOffsetTarget.swift in Sources */ = {isa = PBXBuildFile; fileRef = 774A097822F026D200AF641F /* ConstraintOffsetTarget.swift */; };
		774A099C22F026D200AF641F /* ConstraintMakerEditable.swift in Sources */ = {isa = PBXBuildFile; fileRef = 774A097922F026D200AF641F /* ConstraintMakerEditable.swift */; };
		774A099D22F026D200AF641F /* ConstraintMaker.swift in Sources */ = {isa = PBXBuildFile; fileRef = 774A097A22F026D200AF641F /* ConstraintMaker.swift */; };
		774A099E22F026D200AF641F /* ConstraintRelation.swift in Sources */ = {isa = PBXBuildFile; fileRef = 774A097B22F026D200AF641F /* ConstraintRelation.swift */; };
		774A099F22F026D200AF641F /* ConstraintLayoutGuideDSL.swift in Sources */ = {isa = PBXBuildFile; fileRef = 774A097C22F026D200AF641F /* ConstraintLayoutGuideDSL.swift */; };
		774A09A022F026D200AF641F /* ConstraintView+Extensions.swift in Sources */ = {isa = PBXBuildFile; fileRef = 774A097D22F026D200AF641F /* ConstraintView+Extensions.swift */; };
		774A09A122F026D200AF641F /* ConstraintItem.swift in Sources */ = {isa = PBXBuildFile; fileRef = 774A097E22F026D200AF641F /* ConstraintItem.swift */; };
		774A09A222F026D200AF641F /* Constraint.swift in Sources */ = {isa = PBXBuildFile; fileRef = 774A097F22F026D200AF641F /* Constraint.swift */; };
		774A09A322F026D200AF641F /* Debugging.swift in Sources */ = {isa = PBXBuildFile; fileRef = 774A098022F026D200AF641F /* Debugging.swift */; };
		774A09A422F026D200AF641F /* ConstraintRelatableTarget.swift in Sources */ = {isa = PBXBuildFile; fileRef = 774A098122F026D200AF641F /* ConstraintRelatableTarget.swift */; };
		774A09A522F026D200AF641F /* Info.plist in Resources */ = {isa = PBXBuildFile; fileRef = 774A098222F026D200AF641F /* Info.plist */; };
		774A09A622F026D200AF641F /* LayoutConstraint.swift in Sources */ = {isa = PBXBuildFile; fileRef = 774A098322F026D200AF641F /* LayoutConstraint.swift */; };
		774A09A722F026D200AF641F /* ConstraintLayoutGuide+Extensions.swift in Sources */ = {isa = PBXBuildFile; fileRef = 774A098422F026D200AF641F /* ConstraintLayoutGuide+Extensions.swift */; };
		774A09A822F026D200AF641F /* ConstraintLayoutSupportDSL.swift in Sources */ = {isa = PBXBuildFile; fileRef = 774A098522F026D200AF641F /* ConstraintLayoutSupportDSL.swift */; };
		774A09A922F026D200AF641F /* ConstraintMakerRelatable.swift in Sources */ = {isa = PBXBuildFile; fileRef = 774A098622F026D200AF641F /* ConstraintMakerRelatable.swift */; };
		77A346AC22E9DE48008089E7 /* AppDelegate.swift in Sources */ = {isa = PBXBuildFile; fileRef = 77A346AB22E9DE48008089E7 /* AppDelegate.swift */; };
		77A346AE22E9DE49008089E7 /* Assets.xcassets in Resources */ = {isa = PBXBuildFile; fileRef = 77A346AD22E9DE49008089E7 /* Assets.xcassets */; };
		77A346B122E9DE49008089E7 /* MainMenu.xib in Resources */ = {isa = PBXBuildFile; fileRef = 77A346AF22E9DE49008089E7 /* MainMenu.xib */; };
		77A346BB22E9E8A4008089E7 /* TipViewController.swift in Sources */ = {isa = PBXBuildFile; fileRef = 77A346B922E9E8A4008089E7 /* TipViewController.swift */; };
		77A346BC22E9E8A4008089E7 /* TipViewController.xib in Resources */ = {isa = PBXBuildFile; fileRef = 77A346BA22E9E8A4008089E7 /* TipViewController.xib */; };
/* End PBXBuildFile section */

/* Begin PBXFileReference section */
		774A096322F026D200AF641F /* ConstraintMultiplierTarget.swift */ = {isa = PBXFileReference; fileEncoding = 4; lastKnownFileType = sourcecode.swift; path = ConstraintMultiplierTarget.swift; sourceTree = "<group>"; };
		774A096422F026D200AF641F /* LayoutConstraintItem.swift */ = {isa = PBXFileReference; fileEncoding = 4; lastKnownFileType = sourcecode.swift; path = LayoutConstraintItem.swift; sourceTree = "<group>"; };
		774A096522F026D200AF641F /* ConstraintDescription.swift */ = {isa = PBXFileReference; fileEncoding = 4; lastKnownFileType = sourcecode.swift; path = ConstraintDescription.swift; sourceTree = "<group>"; };
		774A096622F026D200AF641F /* ConstraintMakerPriortizable.swift */ = {isa = PBXFileReference; fileEncoding = 4; lastKnownFileType = sourcecode.swift; path = ConstraintMakerPriortizable.swift; sourceTree = "<group>"; };
		774A096722F026D200AF641F /* ConstraintAttributes.swift */ = {isa = PBXFileReference; fileEncoding = 4; lastKnownFileType = sourcecode.swift; path = ConstraintAttributes.swift; sourceTree = "<group>"; };
		774A096822F026D200AF641F /* ConstraintViewDSL.swift */ = {isa = PBXFileReference; fileEncoding = 4; lastKnownFileType = sourcecode.swift; path = ConstraintViewDSL.swift; sourceTree = "<group>"; };
		774A096922F026D200AF641F /* ConstraintPriorityTarget.swift */ = {isa = PBXFileReference; fileEncoding = 4; lastKnownFileType = sourcecode.swift; path = ConstraintPriorityTarget.swift; sourceTree = "<group>"; };
		774A096A22F026D200AF641F /* ConstraintInsets.swift */ = {isa = PBXFileReference; fileEncoding = 4; lastKnownFileType = sourcecode.swift; path = ConstraintInsets.swift; sourceTree = "<group>"; };
		774A096B22F026D200AF641F /* ConstraintMakerFinalizable.swift */ = {isa = PBXFileReference; fileEncoding = 4; lastKnownFileType = sourcecode.swift; path = ConstraintMakerFinalizable.swift; sourceTree = "<group>"; };
		774A096C22F026D200AF641F /* ConstraintDSL.swift */ = {isa = PBXFileReference; fileEncoding = 4; lastKnownFileType = sourcecode.swift; path = ConstraintDSL.swift; sourceTree = "<group>"; };
		774A096D22F026D200AF641F /* ConstraintMakerExtendable.swift */ = {isa = PBXFileReference; fileEncoding = 4; lastKnownFileType = sourcecode.swift; path = ConstraintMakerExtendable.swift; sourceTree = "<group>"; };
		774A096E22F026D200AF641F /* ConstraintPriority.swift */ = {isa = PBXFileReference; fileEncoding = 4; lastKnownFileType = sourcecode.swift; path = ConstraintPriority.swift; sourceTree = "<group>"; };
		774A096F22F026D200AF641F /* ConstraintInsetTarget.swift */ = {isa = PBXFileReference; fileEncoding = 4; lastKnownFileType = sourcecode.swift; path = ConstraintInsetTarget.swift; sourceTree = "<group>"; };
		774A097022F026D200AF641F /* SnapKit.h */ = {isa = PBXFileReference; fileEncoding = 4; lastKnownFileType = sourcecode.c.h; path = SnapKit.h; sourceTree = "<group>"; };
		774A097122F026D200AF641F /* ConstraintConfig.swift */ = {isa = PBXFileReference; fileEncoding = 4; lastKnownFileType = sourcecode.swift; path = ConstraintConfig.swift; sourceTree = "<group>"; };
		774A097222F026D200AF641F /* UILayoutSupport+Extensions.swift */ = {isa = PBXFileReference; fileEncoding = 4; lastKnownFileType = sourcecode.swift; path = "UILayoutSupport+Extensions.swift"; sourceTree = "<group>"; };
		774A097322F026D200AF641F /* ConstraintView.swift */ = {isa = PBXFileReference; fileEncoding = 4; lastKnownFileType = sourcecode.swift; path = ConstraintView.swift; sourceTree = "<group>"; };
		774A097422F026D200AF641F /* ConstraintLayoutGuide.swift */ = {isa = PBXFileReference; fileEncoding = 4; lastKnownFileType = sourcecode.swift; path = ConstraintLayoutGuide.swift; sourceTree = "<group>"; };
		774A097522F026D200AF641F /* ConstraintLayoutSupport.swift */ = {isa = PBXFileReference; fileEncoding = 4; lastKnownFileType = sourcecode.swift; path = ConstraintLayoutSupport.swift; sourceTree = "<group>"; };
		774A097622F026D200AF641F /* Typealiases.swift */ = {isa = PBXFileReference; fileEncoding = 4; lastKnownFileType = sourcecode.swift; path = Typealiases.swift; sourceTree = "<group>"; };
		774A097722F026D200AF641F /* ConstraintConstantTarget.swift */ = {isa = PBXFileReference; fileEncoding = 4; lastKnownFileType = sourcecode.swift; path = ConstraintConstantTarget.swift; sourceTree = "<group>"; };
		774A097822F026D200AF641F /* ConstraintOffsetTarget.swift */ = {isa = PBXFileReference; fileEncoding = 4; lastKnownFileType = sourcecode.swift; path = ConstraintOffsetTarget.swift; sourceTree = "<group>"; };
		774A097922F026D200AF641F /* ConstraintMakerEditable.swift */ = {isa = PBXFileReference; fileEncoding = 4; lastKnownFileType = sourcecode.swift; path = ConstraintMakerEditable.swift; sourceTree = "<group>"; };
		774A097A22F026D200AF641F /* ConstraintMaker.swift */ = {isa = PBXFileReference; fileEncoding = 4; lastKnownFileType = sourcecode.swift; path = ConstraintMaker.swift; sourceTree = "<group>"; };
		774A097B22F026D200AF641F /* ConstraintRelation.swift */ = {isa = PBXFileReference; fileEncoding = 4; lastKnownFileType = sourcecode.swift; path = ConstraintRelation.swift; sourceTree = "<group>"; };
		774A097C22F026D200AF641F /* ConstraintLayoutGuideDSL.swift */ = {isa = PBXFileReference; fileEncoding = 4; lastKnownFileType = sourcecode.swift; path = ConstraintLayoutGuideDSL.swift; sourceTree = "<group>"; };
		774A097D22F026D200AF641F /* ConstraintView+Extensions.swift */ = {isa = PBXFileReference; fileEncoding = 4; lastKnownFileType = sourcecode.swift; path = "ConstraintView+Extensions.swift"; sourceTree = "<group>"; };
		774A097E22F026D200AF641F /* ConstraintItem.swift */ = {isa = PBXFileReference; fileEncoding = 4; lastKnownFileType = sourcecode.swift; path = ConstraintItem.swift; sourceTree = "<group>"; };
		774A097F22F026D200AF641F /* Constraint.swift */ = {isa = PBXFileReference; fileEncoding = 4; lastKnownFileType = sourcecode.swift; path = Constraint.swift; sourceTree = "<group>"; };
		774A098022F026D200AF641F /* Debugging.swift */ = {isa = PBXFileReference; fileEncoding = 4; lastKnownFileType = sourcecode.swift; path = Debugging.swift; sourceTree = "<group>"; };
		774A098122F026D200AF641F /* ConstraintRelatableTarget.swift */ = {isa = PBXFileReference; fileEncoding = 4; lastKnownFileType = sourcecode.swift; path = ConstraintRelatableTarget.swift; sourceTree = "<group>"; };
		774A098222F026D200AF641F /* Info.plist */ = {isa = PBXFileReference; fileEncoding = 4; lastKnownFileType = text.plist.xml; path = Info.plist; sourceTree = "<group>"; };
		774A098322F026D200AF641F /* LayoutConstraint.swift */ = {isa = PBXFileReference; fileEncoding = 4; lastKnownFileType = sourcecode.swift; path = LayoutConstraint.swift; sourceTree = "<group>"; };
		774A098422F026D200AF641F /* ConstraintLayoutGuide+Extensions.swift */ = {isa = PBXFileReference; fileEncoding = 4; lastKnownFileType = sourcecode.swift; path = "ConstraintLayoutGuide+Extensions.swift"; sourceTree = "<group>"; };
		774A098522F026D200AF641F /* ConstraintLayoutSupportDSL.swift */ = {isa = PBXFileReference; fileEncoding = 4; lastKnownFileType = sourcecode.swift; path = ConstraintLayoutSupportDSL.swift; sourceTree = "<group>"; };
		774A098622F026D200AF641F /* ConstraintMakerRelatable.swift */ = {isa = PBXFileReference; fileEncoding = 4; lastKnownFileType = sourcecode.swift; path = ConstraintMakerRelatable.swift; sourceTree = "<group>"; };
		77A346A822E9DE48008089E7 /* KAKALocalLanguageFormat.app */ = {isa = PBXFileReference; explicitFileType = wrapper.application; includeInIndex = 0; path = KAKALocalLanguageFormat.app; sourceTree = BUILT_PRODUCTS_DIR; };
		77A346AB22E9DE48008089E7 /* AppDelegate.swift */ = {isa = PBXFileReference; lastKnownFileType = sourcecode.swift; path = AppDelegate.swift; sourceTree = "<group>"; };
		77A346AD22E9DE49008089E7 /* Assets.xcassets */ = {isa = PBXFileReference; lastKnownFileType = folder.assetcatalog; path = Assets.xcassets; sourceTree = "<group>"; };
		77A346B022E9DE49008089E7 /* Base */ = {isa = PBXFileReference; lastKnownFileType = file.xib; name = Base; path = Base.lproj/MainMenu.xib; sourceTree = "<group>"; };
		77A346B222E9DE49008089E7 /* Info.plist */ = {isa = PBXFileReference; lastKnownFileType = text.plist.xml; path = Info.plist; sourceTree = "<group>"; };
		77A346B322E9DE49008089E7 /* KAKALocalLanguageFormat.entitlements */ = {isa = PBXFileReference; lastKnownFileType = text.plist.entitlements; path = KAKALocalLanguageFormat.entitlements; sourceTree = "<group>"; };
		77A346B922E9E8A4008089E7 /* TipViewController.swift */ = {isa = PBXFileReference; lastKnownFileType = sourcecode.swift; path = TipViewController.swift; sourceTree = "<group>"; };
		77A346BA22E9E8A4008089E7 /* TipViewController.xib */ = {isa = PBXFileReference; lastKnownFileType = file.xib; path = TipViewController.xib; sourceTree = "<group>"; };
/* End PBXFileReference section */

/* Begin PBXFrameworksBuildPhase section */
		77A346A522E9DE48008089E7 /* Frameworks */ = {
			isa = PBXFrameworksBuildPhase;
			buildActionMask = 2147483647;
			files = (
			);
			runOnlyForDeploymentPostprocessing = 0;
		};
/* End PBXFrameworksBuildPhase section */

/* Begin PBXGroup section */
		774A096222F026D200AF641F /* SnapKit */ = {
			isa = PBXGroup;
			children = (
				774A096322F026D200AF641F /* ConstraintMultiplierTarget.swift */,
				774A096422F026D200AF641F /* LayoutConstraintItem.swift */,
				774A096522F026D200AF641F /* ConstraintDescription.swift */,
				774A096622F026D200AF641F /* ConstraintMakerPriortizable.swift */,
				774A096722F026D200AF641F /* ConstraintAttributes.swift */,
				774A096822F026D200AF641F /* ConstraintViewDSL.swift */,
				774A096922F026D200AF641F /* ConstraintPriorityTarget.swift */,
				774A096A22F026D200AF641F /* ConstraintInsets.swift */,
				774A096B22F026D200AF641F /* ConstraintMakerFinalizable.swift */,
				774A096C22F026D200AF641F /* ConstraintDSL.swift */,
				774A096D22F026D200AF641F /* ConstraintMakerExtendable.swift */,
				774A096E22F026D200AF641F /* ConstraintPriority.swift */,
				774A096F22F026D200AF641F /* ConstraintInsetTarget.swift */,
				774A097022F026D200AF641F /* SnapKit.h */,
				774A097122F026D200AF641F /* ConstraintConfig.swift */,
				774A097222F026D200AF641F /* UILayoutSupport+Extensions.swift */,
				774A097322F026D200AF641F /* ConstraintView.swift */,
				774A097422F026D200AF641F /* ConstraintLayoutGuide.swift */,
				774A097522F026D200AF641F /* ConstraintLayoutSupport.swift */,
				774A097622F026D200AF641F /* Typealiases.swift */,
				774A097722F026D200AF641F /* ConstraintConstantTarget.swift */,
				774A097822F026D200AF641F /* ConstraintOffsetTarget.swift */,
				774A097922F026D200AF641F /* ConstraintMakerEditable.swift */,
				774A097A22F026D200AF641F /* ConstraintMaker.swift */,
				774A097B22F026D200AF641F /* ConstraintRelation.swift */,
				774A097C22F026D200AF641F /* ConstraintLayoutGuideDSL.swift */,
				774A097D22F026D200AF641F /* ConstraintView+Extensions.swift */,
				774A097E22F026D200AF641F /* ConstraintItem.swift */,
				774A097F22F026D200AF641F /* Constraint.swift */,
				774A098022F026D200AF641F /* Debugging.swift */,
				774A098122F026D200AF641F /* ConstraintRelatableTarget.swift */,
				774A098222F026D200AF641F /* Info.plist */,
				774A098322F026D200AF641F /* LayoutConstraint.swift */,
				774A098422F026D200AF641F /* ConstraintLayoutGuide+Extensions.swift */,
				774A098522F026D200AF641F /* ConstraintLayoutSupportDSL.swift */,
				774A098622F026D200AF641F /* ConstraintMakerRelatable.swift */,
			);
			path = SnapKit;
			sourceTree = "<group>";
		};
		77A3469F22E9DE48008089E7 = {
			isa = PBXGroup;
			children = (
				77A346AA22E9DE48008089E7 /* KAKALocalLanguageFormat */,
				77A346A922E9DE48008089E7 /* Products */,
			);
			sourceTree = "<group>";
		};
		77A346A922E9DE48008089E7 /* Products */ = {
			isa = PBXGroup;
			children = (
				77A346A822E9DE48008089E7 /* KAKALocalLanguageFormat.app */,
			);
			name = Products;
			sourceTree = "<group>";
		};
		77A346AA22E9DE48008089E7 /* KAKALocalLanguageFormat */ = {
			isa = PBXGroup;
			children = (
				774A096222F026D200AF641F /* SnapKit */,
				77A346AB22E9DE48008089E7 /* AppDelegate.swift */,
				77A346B922E9E8A4008089E7 /* TipViewController.swift */,
				77A346BA22E9E8A4008089E7 /* TipViewController.xib */,
				77A346AD22E9DE49008089E7 /* Assets.xcassets */,
				77A346AF22E9DE49008089E7 /* MainMenu.xib */,
				77A346B222E9DE49008089E7 /* Info.plist */,
				77A346B322E9DE49008089E7 /* KAKALocalLanguageFormat.entitlements */,
			);
			path = KAKALocalLanguageFormat;
			sourceTree = "<group>";
		};
/* End PBXGroup section */

/* Begin PBXNativeTarget section */
		77A346A722E9DE48008089E7 /* KAKALocalLanguageFormat */ = {
			isa = PBXNativeTarget;
			buildConfigurationList = 77A346B622E9DE49008089E7 /* Build configuration list for PBXNativeTarget "KAKALocalLanguageFormat" */;
			buildPhases = (
				77A346A422E9DE48008089E7 /* Sources */,
				77A346A522E9DE48008089E7 /* Frameworks */,
				77A346A622E9DE48008089E7 /* Resources */,
			);
			buildRules = (
			);
			dependencies = (
			);
			name = KAKALocalLanguageFormat;
			productName = KAKALocalLanguageFormat;
			productReference = 77A346A822E9DE48008089E7 /* KAKALocalLanguageFormat.app */;
			productType = "com.apple.product-type.application";
		};
/* End PBXNativeTarget section */

/* Begin PBXProject section */
		77A346A022E9DE48008089E7 /* Project object */ = {
			isa = PBXProject;
			attributes = {
				LastSwiftUpdateCheck = 1000;
				LastUpgradeCheck = 1000;
				ORGANIZATIONNAME = kakamove;
				TargetAttributes = {
					77A346A722E9DE48008089E7 = {
						CreatedOnToolsVersion = 10.0;
					};
				};
			};
			buildConfigurationList = 77A346A322E9DE48008089E7 /* Build configuration list for PBXProject "KAKALocalLanguageFormat" */;
			compatibilityVersion = "Xcode 9.3";
			developmentRegion = en;
			hasScannedForEncodings = 0;
			knownRegions = (
				en,
				Base,
			);
			mainGroup = 77A3469F22E9DE48008089E7;
			productRefGroup = 77A346A922E9DE48008089E7 /* Products */;
			projectDirPath = "";
			projectRoot = "";
			targets = (
				77A346A722E9DE48008089E7 /* KAKALocalLanguageFormat */,
			);
		};
/* End PBXProject section */

/* Begin PBXResourcesBuildPhase section */
		77A346A622E9DE48008089E7 /* Resources */ = {
			isa = PBXResourcesBuildPhase;
			buildActionMask = 2147483647;
			files = (
				774A09A522F026D200AF641F /* Info.plist in Resources */,
				77A346BC22E9E8A4008089E7 /* TipViewController.xib in Resources */,
				77A346AE22E9DE49008089E7 /* Assets.xcassets in Resources */,
				77A346B122E9DE49008089E7 /* MainMenu.xib in Resources */,
			);
			runOnlyForDeploymentPostprocessing = 0;
		};
/* End PBXResourcesBuildPhase section */

/* Begin PBXSourcesBuildPhase section */
		77A346A422E9DE48008089E7 /* Sources */ = {
			isa = PBXSourcesBuildPhase;
			buildActionMask = 2147483647;
			files = (
				774A098722F026D200AF641F /* ConstraintMultiplierTarget.swift in Sources */,
				774A099522F026D200AF641F /* UILayoutSupport+Extensions.swift in Sources */,
				774A09A922F026D200AF641F /* ConstraintMakerRelatable.swift in Sources */,
				774A099922F026D200AF641F /* Typealiases.swift in Sources */,
				77A346BB22E9E8A4008089E7 /* TipViewController.swift in Sources */,
				774A099B22F026D200AF641F /* ConstraintOffsetTarget.swift in Sources */,
				774A099722F026D200AF641F /* ConstraintLayoutGuide.swift in Sources */,
				774A099022F026D200AF641F /* ConstraintDSL.swift in Sources */,
				774A098B22F026D200AF641F /* ConstraintAttributes.swift in Sources */,
				774A099322F026D200AF641F /* ConstraintInsetTarget.swift in Sources */,
				774A098A22F026D200AF641F /* ConstraintMakerPriortizable.swift in Sources */,
				774A099822F026D200AF641F /* ConstraintLayoutSupport.swift in Sources */,
				774A098F22F026D200AF641F /* ConstraintMakerFinalizable.swift in Sources */,
				77A346AC22E9DE48008089E7 /* AppDelegate.swift in Sources */,
				774A09A722F026D200AF641F /* ConstraintLayoutGuide+Extensions.swift in Sources */,
				774A09A822F026D200AF641F /* ConstraintLayoutSupportDSL.swift in Sources */,
				774A099622F026D200AF641F /* ConstraintView.swift in Sources */,
				774A099A22F026D200AF641F /* ConstraintConstantTarget.swift in Sources */,
				774A099C22F026D200AF641F /* ConstraintMakerEditable.swift in Sources */,
				774A098C22F026D200AF641F /* ConstraintViewDSL.swift in Sources */,
				774A099222F026D200AF641F /* ConstraintPriority.swift in Sources */,
				774A09A422F026D200AF641F /* ConstraintRelatableTarget.swift in Sources */,
				774A09A222F026D200AF641F /* Constraint.swift in Sources */,
				774A098822F026D200AF641F /* LayoutConstraintItem.swift in Sources */,
				774A098D22F026D200AF641F /* ConstraintPriorityTarget.swift in Sources */,
				774A099422F026D200AF641F /* ConstraintConfig.swift in Sources */,
				774A09A622F026D200AF641F /* LayoutConstraint.swift in Sources */,
				774A099D22F026D200AF641F /* ConstraintMaker.swift in Sources */,
				774A09A322F026D200AF641F /* Debugging.swift in Sources */,
				774A098E22F026D200AF641F /* ConstraintInsets.swift in Sources */,
				774A098922F026D200AF641F /* ConstraintDescription.swift in Sources */,
				774A099E22F026D200AF641F /* ConstraintRelation.swift in Sources */,
				774A09A022F026D200AF641F /* ConstraintView+Extensions.swift in Sources */,
				774A099122F026D200AF641F /* ConstraintMakerExtendable.swift in Sources */,
				774A099F22F026D200AF641F /* ConstraintLayoutGuideDSL.swift in Sources */,
				774A09A122F026D200AF641F /* ConstraintItem.swift in Sources */,
			);
			runOnlyForDeploymentPostprocessing = 0;
		};
/* End PBXSourcesBuildPhase section */

/* Begin PBXVariantGroup section */
		77A346AF22E9DE49008089E7 /* MainMenu.xib */ = {
			isa = PBXVariantGroup;
			children = (
				77A346B022E9DE49008089E7 /* Base */,
			);
			name = MainMenu.xib;
			sourceTree = "<group>";
		};
/* End PBXVariantGroup section */

/* Begin XCBuildConfiguration section */
		77A346B422E9DE49008089E7 /* Debug */ = {
			isa = XCBuildConfiguration;
			buildSettings = {
				ALWAYS_SEARCH_USER_PATHS = NO;
				CLANG_ANALYZER_NONNULL = YES;
				CLANG_ANALYZER_NUMBER_OBJECT_CONVERSION = YES_AGGRESSIVE;
				CLANG_CXX_LANGUAGE_STANDARD = "gnu++14";
				CLANG_CXX_LIBRARY = "libc++";
				CLANG_ENABLE_MODULES = YES;
				CLANG_ENABLE_OBJC_ARC = YES;
				CLANG_ENABLE_OBJC_WEAK = YES;
				CLANG_WARN_BLOCK_CAPTURE_AUTORELEASING = YES;
				CLANG_WARN_BOOL_CONVERSION = YES;
				CLANG_WARN_COMMA = YES;
				CLANG_WARN_CONSTANT_CONVERSION = YES;
				CLANG_WARN_DEPRECATED_OBJC_IMPLEMENTATIONS = YES;
				CLANG_WARN_DIRECT_OBJC_ISA_USAGE = YES_ERROR;
				CLANG_WARN_DOCUMENTATION_COMMENTS = YES;
				CLANG_WARN_EMPTY_BODY = YES;
				CLANG_WARN_ENUM_CONVERSION = YES;
				CLANG_WARN_INFINITE_RECURSION = YES;
				CLANG_WARN_INT_CONVERSION = YES;
				CLANG_WARN_NON_LITERAL_NULL_CONVERSION = YES;
				CLANG_WARN_OBJC_IMPLICIT_RETAIN_SELF = YES;
				CLANG_WARN_OBJC_LITERAL_CONVERSION = YES;
				CLANG_WARN_OBJC_ROOT_CLASS = YES_ERROR;
				CLANG_WARN_RANGE_LOOP_ANALYSIS = YES;
				CLANG_WARN_STRICT_PROTOTYPES = YES;
				CLANG_WARN_SUSPICIOUS_MOVE = YES;
				CLANG_WARN_UNGUARDED_AVAILABILITY = YES_AGGRESSIVE;
				CLANG_WARN_UNREACHABLE_CODE = YES;
				CLANG_WARN__DUPLICATE_METHOD_MATCH = YES;
				CODE_SIGN_IDENTITY = "-";
				COPY_PHASE_STRIP = NO;
				DEBUG_INFORMATION_FORMAT = dwarf;
				ENABLE_STRICT_OBJC_MSGSEND = YES;
				ENABLE_TESTABILITY = YES;
				GCC_C_LANGUAGE_STANDARD = gnu11;
				GCC_DYNAMIC_NO_PIC = NO;
				GCC_NO_COMMON_BLOCKS = YES;
				GCC_OPTIMIZATION_LEVEL = 0;
				GCC_PREPROCESSOR_DEFINITIONS = (
					"DEBUG=1",
					"$(inherited)",
				);
				GCC_WARN_64_TO_32_BIT_CONVERSION = YES;
				GCC_WARN_ABOUT_RETURN_TYPE = YES_ERROR;
				GCC_WARN_UNDECLARED_SELECTOR = YES;
				GCC_WARN_UNINITIALIZED_AUTOS = YES_AGGRESSIVE;
				GCC_WARN_UNUSED_FUNCTION = YES;
				GCC_WARN_UNUSED_VARIABLE = YES;
				MACOSX_DEPLOYMENT_TARGET = 10.14;
				MTL_ENABLE_DEBUG_INFO = INCLUDE_SOURCE;
				MTL_FAST_MATH = YES;
				ONLY_ACTIVE_ARCH = YES;
				SDKROOT = macosx;
				SWIFT_ACTIVE_COMPILATION_CONDITIONS = DEBUG;
				SWIFT_OPTIMIZATION_LEVEL = "-Onone";
			};
			name = Debug;
		};
		77A346B522E9DE49008089E7 /* Release */ = {
			isa = XCBuildConfiguration;
			buildSettings = {
				ALWAYS_SEARCH_USER_PATHS = NO;
				CLANG_ANALYZER_NONNULL = YES;
				CLANG_ANALYZER_NUMBER_OBJECT_CONVERSION = YES_AGGRESSIVE;
				CLANG_CXX_LANGUAGE_STANDARD = "gnu++14";
				CLANG_CXX_LIBRARY = "libc++";
				CLANG_ENABLE_MODULES = YES;
				CLANG_ENABLE_OBJC_ARC = YES;
				CLANG_ENABLE_OBJC_WEAK = YES;
				CLANG_WARN_BLOCK_CAPTURE_AUTORELEASING = YES;
				CLANG_WARN_BOOL_CONVERSION = YES;
				CLANG_WARN_COMMA = YES;
				CLANG_WARN_CONSTANT_CONVERSION = YES;
				CLANG_WARN_DEPRECATED_OBJC_IMPLEMENTATIONS = YES;
				CLANG_WARN_DIRECT_OBJC_ISA_USAGE = YES_ERROR;
				CLANG_WARN_DOCUMENTATION_COMMENTS = YES;
				CLANG_WARN_EMPTY_BODY = YES;
				CLANG_WARN_ENUM_CONVERSION = YES;
				CLANG_WARN_INFINITE_RECURSION = YES;
				CLANG_WARN_INT_CONVERSION = YES;
				CLANG_WARN_NON_LITERAL_NULL_CONVERSION = YES;
				CLANG_WARN_OBJC_IMPLICIT_RETAIN_SELF = YES;
				CLANG_WARN_OBJC_LITERAL_CONVERSION = YES;
				CLANG_WARN_OBJC_ROOT_CLASS = YES_ERROR;
				CLANG_WARN_RANGE_LOOP_ANALYSIS = YES;
				CLANG_WARN_STRICT_PROTOTYPES = YES;
				CLANG_WARN_SUSPICIOUS_MOVE = YES;
				CLANG_WARN_UNGUARDED_AVAILABILITY = YES_AGGRESSIVE;
				CLANG_WARN_UNREACHABLE_CODE = YES;
				CLANG_WARN__DUPLICATE_METHOD_MATCH = YES;
				CODE_SIGN_IDENTITY = "-";
				COPY_PHASE_STRIP = NO;
				DEBUG_INFORMATION_FORMAT = "dwarf-with-dsym";
				ENABLE_NS_ASSERTIONS = NO;
				ENABLE_STRICT_OBJC_MSGSEND = YES;
				GCC_C_LANGUAGE_STANDARD = gnu11;
				GCC_NO_COMMON_BLOCKS = YES;
				GCC_WARN_64_TO_32_BIT_CONVERSION = YES;
				GCC_WARN_ABOUT_RETURN_TYPE = YES_ERROR;
				GCC_WARN_UNDECLARED_SELECTOR = YES;
				GCC_WARN_UNINITIALIZED_AUTOS = YES_AGGRESSIVE;
				GCC_WARN_UNUSED_FUNCTION = YES;
				GCC_WARN_UNUSED_VARIABLE = YES;
				MACOSX_DEPLOYMENT_TARGET = 10.14;
				MTL_ENABLE_DEBUG_INFO = NO;
				MTL_FAST_MATH = YES;
				SDKROOT = macosx;
				SWIFT_COMPILATION_MODE = wholemodule;
				SWIFT_OPTIMIZATION_LEVEL = "-O";
			};
			name = Release;
		};
		77A346B722E9DE49008089E7 /* Debug */ = {
			isa = XCBuildConfiguration;
			buildSettings = {
				ASSETCATALOG_COMPILER_APPICON_NAME = AppIcon;
				CODE_SIGN_ENTITLEMENTS = KAKALocalLanguageFormat/KAKALocalLanguageFormat.entitlements;
				CODE_SIGN_STYLE = Automatic;
				COMBINE_HIDPI_IMAGES = YES;
				INFOPLIST_FILE = KAKALocalLanguageFormat/Info.plist;
				LD_RUNPATH_SEARCH_PATHS = (
					"$(inherited)",
					"@executable_path/../Frameworks",
				);
				PRODUCT_BUNDLE_IDENTIFIER = kakamove.KAKALocalLanguageFormat;
				PRODUCT_NAME = "$(TARGET_NAME)";
				SWIFT_VERSION = 4.2;
			};
			name = Debug;
		};
		77A346B822E9DE49008089E7 /* Release */ = {
			isa = XCBuildConfiguration;
			buildSettings = {
				ASSETCATALOG_COMPILER_APPICON_NAME = AppIcon;
				CODE_SIGN_ENTITLEMENTS = KAKALocalLanguageFormat/KAKALocalLanguageFormat.entitlements;
				CODE_SIGN_STYLE = Automatic;
				COMBINE_HIDPI_IMAGES = YES;
				INFOPLIST_FILE = KAKALocalLanguageFormat/Info.plist;
				LD_RUNPATH_SEARCH_PATHS = (
					"$(inherited)",
					"@executable_path/../Frameworks",
				);
				PRODUCT_BUNDLE_IDENTIFIER = kakamove.KAKALocalLanguageFormat;
				PRODUCT_NAME = "$(TARGET_NAME)";
				SWIFT_VERSION = 4.2;
			};
			name = Release;
		};
/* End XCBuildConfiguration section */

/* Begin XCConfigurationList section */
		77A346A322E9DE48008089E7 /* Build configuration list for PBXProject "KAKALocalLanguageFormat" */ = {
			isa = XCConfigurationList;
			buildConfigurations = (
				77A346B422E9DE49008089E7 /* Debug */,
				77A346B522E9DE49008089E7 /* Release */,
			);
			defaultConfigurationIsVisible = 0;
			defaultConfigurationName = Release;
		};
		77A346B622E9DE49008089E7 /* Build configuration list for PBXNativeTarget "KAKALocalLanguageFormat" */ = {
			isa = XCConfigurationList;
			buildConfigurations = (
				77A346B722E9DE49008089E7 /* Debug */,
				77A346B822E9DE49008089E7 /* Release */,
			);
			defaultConfigurationIsVisible = 0;
			defaultConfigurationName = Release;
		};
/* End XCConfigurationList section */
	};
	rootObject = 77A346A022E9DE48008089E7 /* Project object */;
}
